// !$*UTF8*$!
{
	archiveVersion = 1;
	classes = {
	};
	objectVersion = 46;
	objects = {

/* Begin PBXBuildFile section */
		254A034D1DF697640062156D /* background-music-aac.caf in Resources */ = {isa = PBXBuildFile; fileRef = 254A034C1DF697640062156D /* background-music-aac.caf */; };
		254A03561DF69E6B0062156D /* River of Io.mp3 in Resources */ = {isa = PBXBuildFile; fileRef = 254A03551DF69E6B0062156D /* River of Io.mp3 */; };
		254A035A1DF6A0880062156D /* Clean Soul.mp3 in Resources */ = {isa = PBXBuildFile; fileRef = 254A03571DF6A0880062156D /* Clean Soul.mp3 */; };
		254A035B1DF6A0880062156D /* Echoes of Time v2.mp3 in Resources */ = {isa = PBXBuildFile; fileRef = 254A03581DF6A0880062156D /* Echoes of Time v2.mp3 */; };
		254A03731DF6B3C70062156D /* CGRectExtensions.swift in Sources */ = {isa = PBXBuildFile; fileRef = 254A03721DF6B3C70062156D /* CGRectExtensions.swift */; };
		25A352651DE2D7FD00FA2902 /* AppDelegate.swift in Sources */ = {isa = PBXBuildFile; fileRef = 25A352641DE2D7FD00FA2902 /* AppDelegate.swift */; };
		25A352671DE2D7FD00FA2902 /* ViewController.swift in Sources */ = {isa = PBXBuildFile; fileRef = 25A352661DE2D7FD00FA2902 /* ViewController.swift */; };
		25A3526A1DE2D7FD00FA2902 /* Main.storyboard in Resources */ = {isa = PBXBuildFile; fileRef = 25A352681DE2D7FD00FA2902 /* Main.storyboard */; };
		25A3526C1DE2D7FD00FA2902 /* Assets.xcassets in Resources */ = {isa = PBXBuildFile; fileRef = 25A3526B1DE2D7FD00FA2902 /* Assets.xcassets */; };
		25A3526F1DE2D7FD00FA2902 /* LaunchScreen.storyboard in Resources */ = {isa = PBXBuildFile; fileRef = 25A3526D1DE2D7FD00FA2902 /* LaunchScreen.storyboard */; };
		25CE38461DF8F286001A834F /* libsqlite3.tbd in Frameworks */ = {isa = PBXBuildFile; fileRef = 25CE38451DF8F286001A834F /* libsqlite3.tbd */; };
		25CE38481DF8F303001A834F /* SystemConfiguration.framework in Frameworks */ = {isa = PBXBuildFile; fileRef = 25CE38471DF8F303001A834F /* SystemConfiguration.framework */; };
		25CE384A1DF8F345001A834F /* CoreTelephony.framework in Frameworks */ = {isa = PBXBuildFile; fileRef = 25CE38491DF8F345001A834F /* CoreTelephony.framework */; };
		25CE384C1DF8F355001A834F /* ImageIO.framework in Frameworks */ = {isa = PBXBuildFile; fileRef = 25CE384B1DF8F355001A834F /* ImageIO.framework */; };
		25CE384E1DF8F36A001A834F /* libz.tbd in Frameworks */ = {isa = PBXBuildFile; fileRef = 25CE384D1DF8F36A001A834F /* libz.tbd */; };
		25CE38501DF8F37E001A834F /* libc++.tbd in Frameworks */ = {isa = PBXBuildFile; fileRef = 25CE384F1DF8F37E001A834F /* libc++.tbd */; };
/* End PBXBuildFile section */

/* Begin PBXFileReference section */
		254A034C1DF697640062156D /* background-music-aac.caf */ = {isa = PBXFileReference; lastKnownFileType = file; path = "background-music-aac.caf"; sourceTree = "<group>"; };
		254A03551DF69E6B0062156D /* River of Io.mp3 */ = {isa = PBXFileReference; lastKnownFileType = audio.mp3; path = "River of Io.mp3"; sourceTree = "<group>"; };
		254A03571DF6A0880062156D /* Clean Soul.mp3 */ = {isa = PBXFileReference; lastKnownFileType = audio.mp3; path = "Clean Soul.mp3"; sourceTree = "<group>"; };
		254A03581DF6A0880062156D /* Echoes of Time v2.mp3 */ = {isa = PBXFileReference; lastKnownFileType = audio.mp3; path = "Echoes of Time v2.mp3"; sourceTree = "<group>"; };
		254A03721DF6B3C70062156D /* CGRectExtensions.swift */ = {isa = PBXFileReference; fileEncoding = 4; lastKnownFileType = sourcecode.swift; path = CGRectExtensions.swift; sourceTree = "<group>"; };
		25A352611DE2D7FD00FA2902 /* story.app */ = {isa = PBXFileReference; explicitFileType = wrapper.application; includeInIndex = 0; path = story.app; sourceTree = BUILT_PRODUCTS_DIR; };
		25A352641DE2D7FD00FA2902 /* AppDelegate.swift */ = {isa = PBXFileReference; lastKnownFileType = sourcecode.swift; path = AppDelegate.swift; sourceTree = "<group>"; };
		25A352661DE2D7FD00FA2902 /* ViewController.swift */ = {isa = PBXFileReference; lastKnownFileType = sourcecode.swift; path = ViewController.swift; sourceTree = "<group>"; tabWidth = 4; };
		25A352691DE2D7FD00FA2902 /* Base */ = {isa = PBXFileReference; lastKnownFileType = file.storyboard; name = Base; path = Base.lproj/Main.storyboard; sourceTree = "<group>"; };
		25A3526B1DE2D7FD00FA2902 /* Assets.xcassets */ = {isa = PBXFileReference; lastKnownFileType = folder.assetcatalog; path = Assets.xcassets; sourceTree = "<group>"; };
		25A3526E1DE2D7FD00FA2902 /* Base */ = {isa = PBXFileReference; lastKnownFileType = file.storyboard; name = Base; path = Base.lproj/LaunchScreen.storyboard; sourceTree = "<group>"; };
		25A352701DE2D7FD00FA2902 /* Info.plist */ = {isa = PBXFileReference; lastKnownFileType = text.plist.xml; path = Info.plist; sourceTree = "<group>"; };
		25CE38041DF8ED25001A834F /* story-Bridging-Header.h */ = {isa = PBXFileReference; lastKnownFileType = sourcecode.c.h; path = "story-Bridging-Header.h"; sourceTree = "<group>"; };
		25CE38451DF8F286001A834F /* libsqlite3.tbd */ = {isa = PBXFileReference; lastKnownFileType = "sourcecode.text-based-dylib-definition"; name = libsqlite3.tbd; path = usr/lib/libsqlite3.tbd; sourceTree = SDKROOT; };
		25CE38471DF8F303001A834F /* SystemConfiguration.framework */ = {isa = PBXFileReference; lastKnownFileType = wrapper.framework; name = SystemConfiguration.framework; path = System/Library/Frameworks/SystemConfiguration.framework; sourceTree = SDKROOT; };
		25CE38491DF8F345001A834F /* CoreTelephony.framework */ = {isa = PBXFileReference; lastKnownFileType = wrapper.framework; name = CoreTelephony.framework; path = System/Library/Frameworks/CoreTelephony.framework; sourceTree = SDKROOT; };
		25CE384B1DF8F355001A834F /* ImageIO.framework */ = {isa = PBXFileReference; lastKnownFileType = wrapper.framework; name = ImageIO.framework; path = System/Library/Frameworks/ImageIO.framework; sourceTree = SDKROOT; };
		25CE384D1DF8F36A001A834F /* libz.tbd */ = {isa = PBXFileReference; lastKnownFileType = "sourcecode.text-based-dylib-definition"; name = libz.tbd; path = usr/lib/libz.tbd; sourceTree = SDKROOT; };
		25CE384F1DF8F37E001A834F /* libc++.tbd */ = {isa = PBXFileReference; lastKnownFileType = "sourcecode.text-based-dylib-definition"; name = "libc++.tbd"; path = "usr/lib/libc++.tbd"; sourceTree = SDKROOT; };
/* End PBXFileReference section */

/* Begin PBXFrameworksBuildPhase section */
		25A3525E1DE2D7FD00FA2902 /* Frameworks */ = {
			isa = PBXFrameworksBuildPhase;
			buildActionMask = 2147483647;
			files = (
				25CE38501DF8F37E001A834F /* libc++.tbd in Frameworks */,
				25CE384E1DF8F36A001A834F /* libz.tbd in Frameworks */,
				25CE384C1DF8F355001A834F /* ImageIO.framework in Frameworks */,
				25CE384A1DF8F345001A834F /* CoreTelephony.framework in Frameworks */,
				25CE38481DF8F303001A834F /* SystemConfiguration.framework in Frameworks */,
				25CE38461DF8F286001A834F /* libsqlite3.tbd in Frameworks */,
			);
			runOnlyForDeploymentPostprocessing = 0;
		};
/* End PBXFrameworksBuildPhase section */

/* Begin PBXGroup section */
		254A034B1DF697640062156D /* sounds */ = {
			isa = PBXGroup;
			children = (
				254A034C1DF697640062156D /* background-music-aac.caf */,
				254A03551DF69E6B0062156D /* River of Io.mp3 */,
				254A03571DF6A0880062156D /* Clean Soul.mp3 */,
				254A03581DF6A0880062156D /* Echoes of Time v2.mp3 */,
			);
			name = sounds;
			path = story/sounds;
			sourceTree = "<group>";
		};
		254A03711DF6B3B90062156D /* Common */ = {
			isa = PBXGroup;
			children = (
				254A03721DF6B3C70062156D /* CGRectExtensions.swift */,
			);
			name = Common;
			path = story/Common;
			sourceTree = "<group>";
		};
		25A352581DE2D7FC00FA2902 = {
			isa = PBXGroup;
			children = (
				254A03711DF6B3B90062156D /* Common */,
				254A034B1DF697640062156D /* sounds */,
				25A352631DE2D7FD00FA2902 /* story */,
				25A352621DE2D7FD00FA2902 /* Products */,
				25CE38441DF8F286001A834F /* Frameworks */,
			);
			sourceTree = "<group>";
		};
		25A352621DE2D7FD00FA2902 /* Products */ = {
			isa = PBXGroup;
			children = (
				25A352611DE2D7FD00FA2902 /* story.app */,
			);
			name = Products;
			sourceTree = "<group>";
		};
		25A352631DE2D7FD00FA2902 /* story */ = {
			isa = PBXGroup;
			children = (
				25A352641DE2D7FD00FA2902 /* AppDelegate.swift */,
				25A352661DE2D7FD00FA2902 /* ViewController.swift */,
				25A352681DE2D7FD00FA2902 /* Main.storyboard */,
				25A3526B1DE2D7FD00FA2902 /* Assets.xcassets */,
				25A3526D1DE2D7FD00FA2902 /* LaunchScreen.storyboard */,
				25A352701DE2D7FD00FA2902 /* Info.plist */,
				25CE38041DF8ED25001A834F /* story-Bridging-Header.h */,
			);
			path = story;
			sourceTree = "<group>";
		};
		25CE38441DF8F286001A834F /* Frameworks */ = {
			isa = PBXGroup;
			children = (
				25CE384F1DF8F37E001A834F /* libc++.tbd */,
				25CE384D1DF8F36A001A834F /* libz.tbd */,
				25CE384B1DF8F355001A834F /* ImageIO.framework */,
				25CE38491DF8F345001A834F /* CoreTelephony.framework */,
				25CE38471DF8F303001A834F /* SystemConfiguration.framework */,
				25CE38451DF8F286001A834F /* libsqlite3.tbd */,
			);
			name = Frameworks;
			sourceTree = "<group>";
		};
/* End PBXGroup section */

/* Begin PBXNativeTarget section */
		25A352601DE2D7FD00FA2902 /* story */ = {
			isa = PBXNativeTarget;
			buildConfigurationList = 25A352731DE2D7FD00FA2902 /* Build configuration list for PBXNativeTarget "story" */;
			buildPhases = (
				25A3525D1DE2D7FD00FA2902 /* Sources */,
				25A3525E1DE2D7FD00FA2902 /* Frameworks */,
				25A3525F1DE2D7FD00FA2902 /* Resources */,
			);
			buildRules = (
			);
			dependencies = (
			);
			name = story;
			productName = story;
			productReference = 25A352611DE2D7FD00FA2902 /* story.app */;
			productType = "com.apple.product-type.application";
		};
/* End PBXNativeTarget section */

/* Begin PBXProject section */
		25A352591DE2D7FC00FA2902 /* Project object */ = {
			isa = PBXProject;
			attributes = {
				LastSwiftUpdateCheck = 0800;
				LastUpgradeCheck = 0810;
				ORGANIZATIONNAME = "Jack Wang";
				TargetAttributes = {
					25A352601DE2D7FD00FA2902 = {
						CreatedOnToolsVersion = 8.0;
						DevelopmentTeam = 5SX6JE253F;
						LastSwiftMigration = 0810;
						ProvisioningStyle = Automatic;
					};
				};
			};
			buildConfigurationList = 25A3525C1DE2D7FC00FA2902 /* Build configuration list for PBXProject "story" */;
			compatibilityVersion = "Xcode 3.2";
			developmentRegion = English;
			hasScannedForEncodings = 0;
			knownRegions = (
				en,
				Base,
				"zh-Hans",
			);
			mainGroup = 25A352581DE2D7FC00FA2902;
			productRefGroup = 25A352621DE2D7FD00FA2902 /* Products */;
			projectDirPath = "";
			projectRoot = "";
			targets = (
				25A352601DE2D7FD00FA2902 /* story */,
			);
		};
/* End PBXProject section */

/* Begin PBXResourcesBuildPhase section */
		25A3525F1DE2D7FD00FA2902 /* Resources */ = {
			isa = PBXResourcesBuildPhase;
			buildActionMask = 2147483647;
			files = (
				254A035A1DF6A0880062156D /* Clean Soul.mp3 in Resources */,
				254A03561DF69E6B0062156D /* River of Io.mp3 in Resources */,
				254A034D1DF697640062156D /* background-music-aac.caf in Resources */,
				254A035B1DF6A0880062156D /* Echoes of Time v2.mp3 in Resources */,
				25A3526F1DE2D7FD00FA2902 /* LaunchScreen.storyboard in Resources */,
				25A3526C1DE2D7FD00FA2902 /* Assets.xcassets in Resources */,
				25A3526A1DE2D7FD00FA2902 /* Main.storyboard in Resources */,
			);
			runOnlyForDeploymentPostprocessing = 0;
		};
/* End PBXResourcesBuildPhase section */

/* Begin PBXSourcesBuildPhase section */
		25A3525D1DE2D7FD00FA2902 /* Sources */ = {
			isa = PBXSourcesBuildPhase;
			buildActionMask = 2147483647;
			files = (
				25A352671DE2D7FD00FA2902 /* ViewController.swift in Sources */,
				254A03731DF6B3C70062156D /* CGRectExtensions.swift in Sources */,
				25A352651DE2D7FD00FA2902 /* AppDelegate.swift in Sources */,
			);
			runOnlyForDeploymentPostprocessing = 0;
		};
/* End PBXSourcesBuildPhase section */

/* Begin PBXVariantGroup section */
		25A352681DE2D7FD00FA2902 /* Main.storyboard */ = {
			isa = PBXVariantGroup;
			children = (
				25A352691DE2D7FD00FA2902 /* Base */,
			);
			name = Main.storyboard;
			sourceTree = "<group>";
		};
		25A3526D1DE2D7FD00FA2902 /* LaunchScreen.storyboard */ = {
			isa = PBXVariantGroup;
			children = (
				25A3526E1DE2D7FD00FA2902 /* Base */,
			);
			name = LaunchScreen.storyboard;
			sourceTree = "<group>";
		};
/* End PBXVariantGroup section */

/* Begin XCBuildConfiguration section */
		25A352711DE2D7FD00FA2902 /* Debug */ = {
			isa = XCBuildConfiguration;
			buildSettings = {
				ALWAYS_SEARCH_USER_PATHS = NO;
				CLANG_ANALYZER_NONNULL = YES;
				CLANG_CXX_LANGUAGE_STANDARD = "gnu++0x";
				CLANG_CXX_LIBRARY = "libc++";
				CLANG_ENABLE_MODULES = YES;
				CLANG_ENABLE_OBJC_ARC = YES;
				CLANG_WARN_BOOL_CONVERSION = YES;
				CLANG_WARN_CONSTANT_CONVERSION = YES;
				CLANG_WARN_DIRECT_OBJC_ISA_USAGE = YES_ERROR;
				CLANG_WARN_DOCUMENTATION_COMMENTS = YES;
				CLANG_WARN_EMPTY_BODY = YES;
				CLANG_WARN_ENUM_CONVERSION = YES;
				CLANG_WARN_INFINITE_RECURSION = YES;
				CLANG_WARN_INT_CONVERSION = YES;
				CLANG_WARN_OBJC_ROOT_CLASS = YES_ERROR;
				CLANG_WARN_SUSPICIOUS_MOVE = YES;
				CLANG_WARN_SUSPICIOUS_MOVES = YES;
				CLANG_WARN_UNREACHABLE_CODE = YES;
				CLANG_WARN__DUPLICATE_METHOD_MATCH = YES;
				"CODE_SIGN_IDENTITY[sdk=iphoneos*]" = "iPhone Developer";
				COPY_PHASE_STRIP = NO;
				DEBUG_INFORMATION_FORMAT = dwarf;
				ENABLE_STRICT_OBJC_MSGSEND = YES;
				ENABLE_TESTABILITY = YES;
				GCC_C_LANGUAGE_STANDARD = gnu99;
				GCC_DYNAMIC_NO_PIC = NO;
				GCC_NO_COMMON_BLOCKS = YES;
				GCC_OPTIMIZATION_LEVEL = 0;
				GCC_PREPROCESSOR_DEFINITIONS = (
					"DEBUG=1",
					"$(inherited)",
				);
				GCC_WARN_64_TO_32_BIT_CONVERSION = YES;
				GCC_WARN_ABOUT_RETURN_TYPE = YES_ERROR;
				GCC_WARN_UNDECLARED_SELECTOR = YES;
				GCC_WARN_UNINITIALIZED_AUTOS = YES_AGGRESSIVE;
				GCC_WARN_UNUSED_FUNCTION = YES;
				GCC_WARN_UNUSED_VARIABLE = YES;
				IPHONEOS_DEPLOYMENT_TARGET = 8.0;
				MTL_ENABLE_DEBUG_INFO = YES;
				ONLY_ACTIVE_ARCH = YES;
				SDKROOT = iphoneos;
				SWIFT_ACTIVE_COMPILATION_CONDITIONS = DEBUG;
				SWIFT_OPTIMIZATION_LEVEL = "-Onone";
			};
			name = Debug;
		};
		25A352721DE2D7FD00FA2902 /* Release */ = {
			isa = XCBuildConfiguration;
			buildSettings = {
				ALWAYS_SEARCH_USER_PATHS = NO;
				CLANG_ANALYZER_NONNULL = YES;
				CLANG_CXX_LANGUAGE_STANDARD = "gnu++0x";
				CLANG_CXX_LIBRARY = "libc++";
				CLANG_ENABLE_MODULES = YES;
				CLANG_ENABLE_OBJC_ARC = YES;
				CLANG_WARN_BOOL_CONVERSION = YES;
				CLANG_WARN_CONSTANT_CONVERSION = YES;
				CLANG_WARN_DIRECT_OBJC_ISA_USAGE = YES_ERROR;
				CLANG_WARN_DOCUMENTATION_COMMENTS = YES;
				CLANG_WARN_EMPTY_BODY = YES;
				CLANG_WARN_ENUM_CONVERSION = YES;
				CLANG_WARN_INFINITE_RECURSION = YES;
				CLANG_WARN_INT_CONVERSION = YES;
				CLANG_WARN_OBJC_ROOT_CLASS = YES_ERROR;
				CLANG_WARN_SUSPICIOUS_MOVE = YES;
				CLANG_WARN_SUSPICIOUS_MOVES = YES;
				CLANG_WARN_UNREACHABLE_CODE = YES;
				CLANG_WARN__DUPLICATE_METHOD_MATCH = YES;
				"CODE_SIGN_IDENTITY[sdk=iphoneos*]" = "iPhone Developer";
				COPY_PHASE_STRIP = NO;
				DEBUG_INFORMATION_FORMAT = "dwarf-with-dsym";
				ENABLE_NS_ASSERTIONS = NO;
				ENABLE_STRICT_OBJC_MSGSEND = YES;
				GCC_C_LANGUAGE_STANDARD = gnu99;
				GCC_NO_COMMON_BLOCKS = YES;
				GCC_WARN_64_TO_32_BIT_CONVERSION = YES;
				GCC_WARN_ABOUT_RETURN_TYPE = YES_ERROR;
				GCC_WARN_UNDECLARED_SELECTOR = YES;
				GCC_WARN_UNINITIALIZED_AUTOS = YES_AGGRESSIVE;
				GCC_WARN_UNUSED_FUNCTION = YES;
				GCC_WARN_UNUSED_VARIABLE = YES;
				IPHONEOS_DEPLOYMENT_TARGET = 8.0;
				MTL_ENABLE_DEBUG_INFO = NO;
				SDKROOT = iphoneos;
				SWIFT_OPTIMIZATION_LEVEL = "-Owholemodule";
				VALIDATE_PRODUCT = YES;
			};
			name = Release;
		};
		25A352741DE2D7FD00FA2902 /* Debug */ = {
			isa = XCBuildConfiguration;
			buildSettings = {
				ASSETCATALOG_COMPILER_APPICON_NAME = AppIcon;
				CLANG_ENABLE_MODULES = YES;
				DEVELOPMENT_TEAM = 5SX6JE253F;
				FRAMEWORK_SEARCH_PATHS = (
					"$(inherited)",
					"$(PROJECT_DIR)/story/third/UMSocial_Sdk_Extra_Frameworks/TencentOpenAPI",
					"$(PROJECT_DIR)/story/third/UMSocial/SocialLibraries/QQ",
					"$(PROJECT_DIR)/story/third/UMSocial/UMSocialSDK",
					"$(PROJECT_DIR)/story/third/UMSocial/UMSocialUI",
				);
				INFOPLIST_FILE = story/Info.plist;
				IPHONEOS_DEPLOYMENT_TARGET = 8.0;
				LD_RUNPATH_SEARCH_PATHS = "$(inherited) @executable_path/Frameworks";
				LIBRARY_SEARCH_PATHS = (
					"$(inherited)",
					"$(PROJECT_DIR)/story/third/UMSocial_Sdk_5.2.1",
					"$(PROJECT_DIR)/story/third/UMSocial_Sdk_Extra_Frameworks/TencentOpenAPI",
					"$(PROJECT_DIR)/story/third/UMSocial_Sdk_Extra_Frameworks/UMSocial_Shake_Sdk",
					"$(PROJECT_DIR)/story/third/UMSocial_Sdk_Extra_Frameworks/Wechat",
					"$(PROJECT_DIR)/story/third/UMSocial/SocialLibraries/Email",
					"$(PROJECT_DIR)/story/third/UMSocial/SocialLibraries/QQ",
					"$(PROJECT_DIR)/story/third/UMSocial/SocialLibraries/Sina",
					"$(PROJECT_DIR)/story/third/UMSocial/SocialLibraries/SMS",
					"$(PROJECT_DIR)/story/third/UMSocial/SocialLibraries/WeChat",
				);
				OTHER_LDFLAGS = "-ObjC";
				PRODUCT_BUNDLE_IDENTIFIER = jack.story;
				PRODUCT_NAME = "$(TARGET_NAME)";
				SWIFT_OBJC_BRIDGING_HEADER = "story/story-Bridging-Header.h";
				SWIFT_OPTIMIZATION_LEVEL = "-Onone";
				SWIFT_VERSION = 3.0;
				TARGETED_DEVICE_FAMILY = 1;
			};
			name = Debug;
		};
		25A352751DE2D7FD00FA2902 /* Release */ = {
			isa = XCBuildConfiguration;
			buildSettings = {
				ASSETCATALOG_COMPILER_APPICON_NAME = AppIcon;
				CLANG_ENABLE_MODULES = YES;
				DEVELOPMENT_TEAM = 5SX6JE253F;
				FRAMEWORK_SEARCH_PATHS = (
					"$(inherited)",
					"$(PROJECT_DIR)/story/third/UMSocial_Sdk_Extra_Frameworks/TencentOpenAPI",
					"$(PROJECT_DIR)/story/third/UMSocial/SocialLibraries/QQ",
					"$(PROJECT_DIR)/story/third/UMSocial/UMSocialSDK",
					"$(PROJECT_DIR)/story/third/UMSocial/UMSocialUI",
				);
				INFOPLIST_FILE = story/Info.plist;
				IPHONEOS_DEPLOYMENT_TARGET = 8.0;
				LD_RUNPATH_SEARCH_PATHS = "$(inherited) @executable_path/Frameworks";
				LIBRARY_SEARCH_PATHS = (
					"$(inherited)",
					"$(PROJECT_DIR)/story/third/UMSocial_Sdk_5.2.1",
					"$(PROJECT_DIR)/story/third/UMSocial_Sdk_Extra_Frameworks/TencentOpenAPI",
					"$(PROJECT_DIR)/story/third/UMSocial_Sdk_Extra_Frameworks/UMSocial_Shake_Sdk",
					"$(PROJECT_DIR)/story/third/UMSocial_Sdk_Extra_Frameworks/Wechat",
					"$(PROJECT_DIR)/story/third/UMSocial/SocialLibraries/Email",
					"$(PROJECT_DIR)/story/third/UMSocial/SocialLibraries/QQ",
					"$(PROJECT_DIR)/story/third/UMSocial/SocialLibraries/Sina",
					"$(PROJECT_DIR)/story/third/UMSocial/SocialLibraries/SMS",
					"$(PROJECT_DIR)/story/third/UMSocial/SocialLibraries/WeChat",
				);
				OTHER_LDFLAGS = "-ObjC";
				PRODUCT_BUNDLE_IDENTIFIER = jack.story;
				PRODUCT_NAME = "$(TARGET_NAME)";
				SWIFT_OBJC_BRIDGING_HEADER = "story/story-Bridging-Header.h";
				SWIFT_VERSION = 3.0;
				TARGETED_DEVICE_FAMILY = 1;
			};
			name = Release;
		};
/* End XCBuildConfiguration section */

/* Begin XCConfigurationList section */
		25A3525C1DE2D7FC00FA2902 /* Build configuration list for PBXProject "story" */ = {
			isa = XCConfigurationList;
			buildConfigurations = (
				25A352711DE2D7FD00FA2902 /* Debug */,
				25A352721DE2D7FD00FA2902 /* Release */,
			);
			defaultConfigurationIsVisible = 0;
			defaultConfigurationName = Release;
		};
		25A352731DE2D7FD00FA2902 /* Build configuration list for PBXNativeTarget "story" */ = {
			isa = XCConfigurationList;
			buildConfigurations = (
				25A352741DE2D7FD00FA2902 /* Debug */,
				25A352751DE2D7FD00FA2902 /* Release */,
			);
			defaultConfigurationIsVisible = 0;
			defaultConfigurationName = Release;
		};
/* End XCConfigurationList section */
	};
	rootObject = 25A352591DE2D7FC00FA2902 /* Project object */;
}
